
Microsoft Visual Studio Solution File, Format Version 12.00
# Visual Studio Version 16
VisualStudioVersion = 16.0.30204.135
MinimumVisualStudioVersion = 10.0.40219.1
Project("{FAE04EC0-301F-11D3-BF4B-00C04F79EFBC}") = "Log.AuthService", "Log\Log.AuthService.csproj", "{97B2EC0A-5152-4886-B4E4-C09E4E1CF0B3}"
EndProject
Project("{FAE04EC0-301F-11D3-BF4B-00C04F79EFBC}") = "Log.ApiGateway", "Log.ApiGateway\Log.ApiGateway.csproj", "{5CC33DFE-9EAA-4F37-97E6-EC27FDF0E6A9}"
EndProject
Project("{FAE04EC0-301F-11D3-BF4B-00C04F79EFBC}") = "Log.SampleMS", "Log.SampleMS\Log.SampleMS.csproj", "{A183E4B9-E259-4A81-B707-191952D123F2}"
EndProject
Global
	GlobalSection(SolutionConfigurationPlatforms) = preSolution
		Debug|Any CPU = Debug|Any CPU
		Release|Any CPU = Release|Any CPU
	EndGlobalSection
	GlobalSection(ProjectConfigurationPlatforms) = postSolution
		{97B2EC0A-5152-4886-B4E4-C09E4E1CF0B3}.Debug|Any CPU.ActiveCfg = Debug|Any CPU
		{97B2EC0A-5152-4886-B4E4-C09E4E1CF0B3}.Debug|Any CPU.Build.0 = Debug|Any CPU
		{97B2EC0A-5152-4886-B4E4-C09E4E1CF0B3}.Release|Any CPU.ActiveCfg = Release|Any CPU
		{97B2EC0A-5152-4886-B4E4-C09E4E1CF0B3}.Release|Any CPU.Build.0 = Release|Any CPU
		{5CC33DFE-9EAA-4F37-97E6-EC27FDF0E6A9}.Debug|Any CPU.ActiveCfg = Debug|Any CPU
		{5CC33DFE-9EAA-4F37-97E6-EC27FDF0E6A9}.Debug|Any CPU.Build.0 = Debug|Any CPU
		{5CC33DFE-9EAA-4F37-97E6-EC27FDF0E6A9}.Release|Any CPU.ActiveCfg = Release|Any CPU
		{5CC33DFE-9EAA-4F37-97E6-EC27FDF0E6A9}.Release|Any CPU.Build.0 = Release|Any CPU
		{A183E4B9-E259-4A81-B707-191952D123F2}.Debug|Any CPU.ActiveCfg = Debug|Any CPU
		{A183E4B9-E259-4A81-B707-191952D123F2}.Debug|Any CPU.Build.0 = Debug|Any CPU
		{A183E4B9-E259-4A81-B707-191952D123F2}.Release|Any CPU.ActiveCfg = Release|Any CPU
		{A183E4B9-E259-4A81-B707-191952D123F2}.Release|Any CPU.Build.0 = Release|Any CPU
	EndGlobalSection
	GlobalSection(SolutionProperties) = preSolution
		HideSolutionNode = FALSE
	EndGlobalSection
	GlobalSection(ExtensibilityGlobals) = postSolution
		SolutionGuid = {4607331A-F9C8-4E6F-832C-40F558C0F13F}
	EndGlobalSection
EndGlobal
